
Microsoft Visual Studio Solution File, Format Version 12.00
Project("{FAE04EC0-301F-11D3-BF4B-00C04F79EFBC}") = "ConfigApplication.Core", "ConfigApplication.Core\ConfigApplication.Core.csproj", "{68CF1607-B9A6-460C-B0CD-67911AA0B31A}"
EndProject
Global
	GlobalSection(SolutionConfigurationPlatforms) = preSolution
		Debug|Any CPU = Debug|Any CPU
		Release|Any CPU = Release|Any CPU
	EndGlobalSection
	GlobalSection(ProjectConfigurationPlatforms) = postSolution
		{68CF1607-B9A6-460C-B0CD-67911AA0B31A}.Debug|Any CPU.ActiveCfg = Debug|Any CPU
		{68CF1607-B9A6-460C-B0CD-67911AA0B31A}.Debug|Any CPU.Build.0 = Debug|Any CPU
		{68CF1607-B9A6-460C-B0CD-67911AA0B31A}.Release|Any CPU.ActiveCfg = Release|Any CPU
		{68CF1607-B9A6-460C-B0CD-67911AA0B31A}.Release|Any CPU.Build.0 = Release|Any CPU
	EndGlobalSection
EndGlobal
